
Microsoft Visual Studio Solution File, Format Version 12.00
# Visual Studio Version 16
VisualStudioVersion = 16.0.30503.244
MinimumVisualStudioVersion = 10.0.40219.1
Project("{9A19103F-16F7-4668-BE54-9A1E7A4F7556}") = "ClosureTree", "ClosureTree\ClosureTree.csproj", "{5B93803D-A180-4B6D-BD0F-EE193FC6BC3D}"
EndProject
Project("{9A19103F-16F7-4668-BE54-9A1E7A4F7556}") = "Tests", "Tests\Tests.csproj", "{24533591-08F5-409D-AF13-1F1A1963152F}"
EndProject
Global
	GlobalSection(SolutionConfigurationPlatforms) = preSolution
		Debug|Any CPU = Debug|Any CPU
		Release|Any CPU = Release|Any CPU
	EndGlobalSection
	GlobalSection(ProjectConfigurationPlatforms) = postSolution
		{5B93803D-A180-4B6D-BD0F-EE193FC6BC3D}.Debug|Any CPU.ActiveCfg = Debug|Any CPU
		{5B93803D-A180-4B6D-BD0F-EE193FC6BC3D}.Debug|Any CPU.Build.0 = Debug|Any CPU
		{5B93803D-A180-4B6D-BD0F-EE193FC6BC3D}.Release|Any CPU.ActiveCfg = Release|Any CPU
		{5B93803D-A180-4B6D-BD0F-EE193FC6BC3D}.Release|Any CPU.Build.0 = Release|Any CPU
		{24533591-08F5-409D-AF13-1F1A1963152F}.Debug|Any CPU.ActiveCfg = Debug|Any CPU
		{24533591-08F5-409D-AF13-1F1A1963152F}.Debug|Any CPU.Build.0 = Debug|Any CPU
		{24533591-08F5-409D-AF13-1F1A1963152F}.Release|Any CPU.ActiveCfg = Release|Any CPU
		{24533591-08F5-409D-AF13-1F1A1963152F}.Release|Any CPU.Build.0 = Release|Any CPU
	EndGlobalSection
	GlobalSection(SolutionProperties) = preSolution
		HideSolutionNode = FALSE
	EndGlobalSection
	GlobalSection(ExtensibilityGlobals) = postSolution
		SolutionGuid = {CD39257A-D50F-4A74-B7A2-EF89E273B6F9}
	EndGlobalSection
EndGlobal
